// !$*UTF8*$!
{
	archiveVersion = 1;
	classes = {
	};
	objectVersion = 50;
	objects = {

/* Begin PBXBuildFile section */
		2E5AB772214D80C800B87F27 /* AppDelegate.swift in Sources */ = {isa = PBXBuildFile; fileRef = 2E5AB771214D80C800B87F27 /* AppDelegate.swift */; };
		2E5AB774214D80C800B87F27 /* ViewController.swift in Sources */ = {isa = PBXBuildFile; fileRef = 2E5AB773214D80C800B87F27 /* ViewController.swift */; };
		2E5AB777214D80C800B87F27 /* Main.storyboard in Resources */ = {isa = PBXBuildFile; fileRef = 2E5AB775214D80C800B87F27 /* Main.storyboard */; };
		2E5AB77A214D80C800B87F27 /* Emokey.xcdatamodeld in Sources */ = {isa = PBXBuildFile; fileRef = 2E5AB778214D80C800B87F27 /* Emokey.xcdatamodeld */; };
		2E5AB77C214D80CB00B87F27 /* Assets.xcassets in Resources */ = {isa = PBXBuildFile; fileRef = 2E5AB77B214D80CB00B87F27 /* Assets.xcassets */; };
		2E5AB77F214D80CB00B87F27 /* LaunchScreen.storyboard in Resources */ = {isa = PBXBuildFile; fileRef = 2E5AB77D214D80CB00B87F27 /* LaunchScreen.storyboard */; };
		DCD2EEA0214D9D7900A85C10 /* InputPasswordViewController.swift in Sources */ = {isa = PBXBuildFile; fileRef = DCD2EE9F214D9D7900A85C10 /* InputPasswordViewController.swift */; };
		DCD2EEA4214DCA3900A85C10 /* File.swift in Sources */ = {isa = PBXBuildFile; fileRef = DCD2EEA3214DCA3900A85C10 /* File.swift */; };
		DCF51A2B214DCFA30029D75C /* CreateViewController.swift in Sources */ = {isa = PBXBuildFile; fileRef = DCF51A2A214DCFA30029D75C /* CreateViewController.swift */; };
		E5797ED8214E1AA400755891 /* PasswordTableViewCell.swift in Sources */ = {isa = PBXBuildFile; fileRef = E5797ED7214E1AA400755891 /* PasswordTableViewCell.swift */; };
		E58B815A214E21EE003347F9 /* Password.swift in Sources */ = {isa = PBXBuildFile; fileRef = E58B8159214E21EE003347F9 /* Password.swift */; };
		E58B815D214E255D003347F9 /* CoreDataHelper.swift in Sources */ = {isa = PBXBuildFile; fileRef = E58B815C214E255D003347F9 /* CoreDataHelper.swift */; };
/* End PBXBuildFile section */

/* Begin PBXFileReference section */
		2E5AB76E214D80C800B87F27 /* Emokey.app */ = {isa = PBXFileReference; explicitFileType = wrapper.application; includeInIndex = 0; path = Emokey.app; sourceTree = BUILT_PRODUCTS_DIR; };
		2E5AB771214D80C800B87F27 /* AppDelegate.swift */ = {isa = PBXFileReference; lastKnownFileType = sourcecode.swift; path = AppDelegate.swift; sourceTree = "<group>"; };
		2E5AB773214D80C800B87F27 /* ViewController.swift */ = {isa = PBXFileReference; lastKnownFileType = sourcecode.swift; path = ViewController.swift; sourceTree = "<group>"; };
		2E5AB776214D80C800B87F27 /* Base */ = {isa = PBXFileReference; lastKnownFileType = file.storyboard; name = Base; path = Base.lproj/Main.storyboard; sourceTree = "<group>"; };
		2E5AB779214D80C800B87F27 /* Emokey.xcdatamodel */ = {isa = PBXFileReference; lastKnownFileType = wrapper.xcdatamodel; path = Emokey.xcdatamodel; sourceTree = "<group>"; };
		2E5AB77B214D80CB00B87F27 /* Assets.xcassets */ = {isa = PBXFileReference; lastKnownFileType = folder.assetcatalog; path = Assets.xcassets; sourceTree = "<group>"; };
		2E5AB77E214D80CB00B87F27 /* Base */ = {isa = PBXFileReference; lastKnownFileType = file.storyboard; name = Base; path = Base.lproj/LaunchScreen.storyboard; sourceTree = "<group>"; };
		2E5AB780214D80CB00B87F27 /* Info.plist */ = {isa = PBXFileReference; lastKnownFileType = text.plist.xml; path = Info.plist; sourceTree = "<group>"; };
		DCD2EE9F214D9D7900A85C10 /* InputPasswordViewController.swift */ = {isa = PBXFileReference; lastKnownFileType = sourcecode.swift; path = InputPasswordViewController.swift; sourceTree = "<group>"; };
		DCD2EEA3214DCA3900A85C10 /* File.swift */ = {isa = PBXFileReference; lastKnownFileType = sourcecode.swift; path = File.swift; sourceTree = "<group>"; };
		DCF51A2A214DCFA30029D75C /* CreateViewController.swift */ = {isa = PBXFileReference; fileEncoding = 4; lastKnownFileType = sourcecode.swift; path = CreateViewController.swift; sourceTree = "<group>"; };
		E5797ED7214E1AA400755891 /* PasswordTableViewCell.swift */ = {isa = PBXFileReference; lastKnownFileType = sourcecode.swift; path = PasswordTableViewCell.swift; sourceTree = "<group>"; };
		E58B8159214E21EE003347F9 /* Password.swift */ = {isa = PBXFileReference; lastKnownFileType = sourcecode.swift; path = Password.swift; sourceTree = "<group>"; };
		E58B815C214E255D003347F9 /* CoreDataHelper.swift */ = {isa = PBXFileReference; lastKnownFileType = sourcecode.swift; path = CoreDataHelper.swift; sourceTree = "<group>"; };
/* End PBXFileReference section */

/* Begin PBXFrameworksBuildPhase section */
		2E5AB76B214D80C800B87F27 /* Frameworks */ = {
			isa = PBXFrameworksBuildPhase;
			buildActionMask = 2147483647;
			files = (
			);
			runOnlyForDeploymentPostprocessing = 0;
		};
/* End PBXFrameworksBuildPhase section */

/* Begin PBXGroup section */
		2E5AB765214D80C800B87F27 = {
			isa = PBXGroup;
			children = (
				2E5AB770214D80C800B87F27 /* Emokey */,
				2E5AB76F214D80C800B87F27 /* Products */,
			);
			sourceTree = "<group>";
		};
		2E5AB76F214D80C800B87F27 /* Products */ = {
			isa = PBXGroup;
			children = (
				2E5AB76E214D80C800B87F27 /* Emokey.app */,
			);
			name = Products;
			sourceTree = "<group>";
		};
		2E5AB770214D80C800B87F27 /* Emokey */ = {
			isa = PBXGroup;
			children = (
				2E5AB771214D80C800B87F27 /* AppDelegate.swift */,
				E58B815B214E2543003347F9 /* Helpers */,
				E58B8158214E21CE003347F9 /* Models */,
				2E5AB789214D82DF00B87F27 /* Services */,
				2E5AB787214D82A300B87F27 /* Views */,
				2E5AB786214D827A00B87F27 /* Controllers */,
				2E5AB788214D82B800B87F27 /* Storyboards */,
				2E5AB77B214D80CB00B87F27 /* Assets.xcassets */,
				2E5AB780214D80CB00B87F27 /* Info.plist */,
				2E5AB778214D80C800B87F27 /* Emokey.xcdatamodeld */,
			);
			path = Emokey;
			sourceTree = "<group>";
		};
		2E5AB786214D827A00B87F27 /* Controllers */ = {
			isa = PBXGroup;
			children = (
				DCF51A2A214DCFA30029D75C /* CreateViewController.swift */,
				2E5AB773214D80C800B87F27 /* ViewController.swift */,
				DCD2EEA3214DCA3900A85C10 /* File.swift */,
				DCD2EE9F214D9D7900A85C10 /* InputPasswordViewController.swift */,
			);
			path = Controllers;
			sourceTree = "<group>";
		};
		2E5AB787214D82A300B87F27 /* Views */ = {
			isa = PBXGroup;
			children = (
				E5797ED7214E1AA400755891 /* PasswordTableViewCell.swift */,
			);
			path = Views;
			sourceTree = "<group>";
		};
		2E5AB788214D82B800B87F27 /* Storyboards */ = {
			isa = PBXGroup;
			children = (
				2E5AB775214D80C800B87F27 /* Main.storyboard */,
				2E5AB77D214D80CB00B87F27 /* LaunchScreen.storyboard */,
			);
			path = Storyboards;
			sourceTree = "<group>";
		};
		2E5AB789214D82DF00B87F27 /* Services */ = {
			isa = PBXGroup;
			children = (
			);
			path = Services;
			sourceTree = "<group>";
		};
		E58B8158214E21CE003347F9 /* Models */ = {
			isa = PBXGroup;
			children = (
				E58B8159214E21EE003347F9 /* Password.swift */,
			);
			path = Models;
			sourceTree = "<group>";
		};
		E58B815B214E2543003347F9 /* Helpers */ = {
			isa = PBXGroup;
			children = (
				E58B815C214E255D003347F9 /* CoreDataHelper.swift */,
			);
			path = Helpers;
			sourceTree = "<group>";
		};
/* End PBXGroup section */

/* Begin PBXNativeTarget section */
		2E5AB76D214D80C800B87F27 /* Emokey */ = {
			isa = PBXNativeTarget;
			buildConfigurationList = 2E5AB783214D80CB00B87F27 /* Build configuration list for PBXNativeTarget "Emokey" */;
			buildPhases = (
				2E5AB76A214D80C800B87F27 /* Sources */,
				2E5AB76B214D80C800B87F27 /* Frameworks */,
				2E5AB76C214D80C800B87F27 /* Resources */,
			);
			buildRules = (
			);
			dependencies = (
			);
			name = Emokey;
			productName = Emokey;
			productReference = 2E5AB76E214D80C800B87F27 /* Emokey.app */;
			productType = "com.apple.product-type.application";
		};
/* End PBXNativeTarget section */

/* Begin PBXProject section */
		2E5AB766214D80C800B87F27 /* Project object */ = {
			isa = PBXProject;
			attributes = {
				LastSwiftUpdateCheck = 0940;
				LastUpgradeCheck = 0940;
				ORGANIZATIONNAME = ShellHacks;
				TargetAttributes = {
					2E5AB76D214D80C800B87F27 = {
						CreatedOnToolsVersion = 9.4.1;
					};
				};
			};
			buildConfigurationList = 2E5AB769214D80C800B87F27 /* Build configuration list for PBXProject "Emokey" */;
			compatibilityVersion = "Xcode 9.3";
			developmentRegion = en;
			hasScannedForEncodings = 0;
			knownRegions = (
				en,
				Base,
			);
			mainGroup = 2E5AB765214D80C800B87F27;
			productRefGroup = 2E5AB76F214D80C800B87F27 /* Products */;
			projectDirPath = "";
			projectRoot = "";
			targets = (
				2E5AB76D214D80C800B87F27 /* Emokey */,
			);
		};
/* End PBXProject section */

/* Begin PBXResourcesBuildPhase section */
		2E5AB76C214D80C800B87F27 /* Resources */ = {
			isa = PBXResourcesBuildPhase;
			buildActionMask = 2147483647;
			files = (
				2E5AB77F214D80CB00B87F27 /* LaunchScreen.storyboard in Resources */,
				2E5AB77C214D80CB00B87F27 /* Assets.xcassets in Resources */,
				2E5AB777214D80C800B87F27 /* Main.storyboard in Resources */,
			);
			runOnlyForDeploymentPostprocessing = 0;
		};
/* End PBXResourcesBuildPhase section */

/* Begin PBXSourcesBuildPhase section */
		2E5AB76A214D80C800B87F27 /* Sources */ = {
			isa = PBXSourcesBuildPhase;
			buildActionMask = 2147483647;
			files = (
				DCD2EEA4214DCA3900A85C10 /* File.swift in Sources */,
				2E5AB774214D80C800B87F27 /* ViewController.swift in Sources */,
				E5797ED8214E1AA400755891 /* PasswordTableViewCell.swift in Sources */,
				DCF51A2B214DCFA30029D75C /* CreateViewController.swift in Sources */,
				E58B815A214E21EE003347F9 /* Password.swift in Sources */,
				2E5AB77A214D80C800B87F27 /* Emokey.xcdatamodeld in Sources */,
				E58B815D214E255D003347F9 /* CoreDataHelper.swift in Sources */,
				DCD2EEA0214D9D7900A85C10 /* InputPasswordViewController.swift in Sources */,
				2E5AB772214D80C800B87F27 /* AppDelegate.swift in Sources */,
			);
			runOnlyForDeploymentPostprocessing = 0;
		};
/* End PBXSourcesBuildPhase section */

/* Begin PBXVariantGroup section */
		2E5AB775214D80C800B87F27 /* Main.storyboard */ = {
			isa = PBXVariantGroup;
			children = (
				2E5AB776214D80C800B87F27 /* Base */,
			);
			name = Main.storyboard;
			sourceTree = "<group>";
		};
		2E5AB77D214D80CB00B87F27 /* LaunchScreen.storyboard */ = {
			isa = PBXVariantGroup;
			children = (
				2E5AB77E214D80CB00B87F27 /* Base */,
			);
			name = LaunchScreen.storyboard;
			sourceTree = "<group>";
		};
/* End PBXVariantGroup section */

/* Begin XCBuildConfiguration section */
		2E5AB781214D80CB00B87F27 /* Debug */ = {
			isa = XCBuildConfiguration;
			buildSettings = {
				ALWAYS_SEARCH_USER_PATHS = NO;
				CLANG_ANALYZER_NONNULL = YES;
				CLANG_ANALYZER_NUMBER_OBJECT_CONVERSION = YES_AGGRESSIVE;
				CLANG_CXX_LANGUAGE_STANDARD = "gnu++14";
				CLANG_CXX_LIBRARY = "libc++";
				CLANG_ENABLE_MODULES = YES;
				CLANG_ENABLE_OBJC_ARC = YES;
				CLANG_ENABLE_OBJC_WEAK = YES;
				CLANG_WARN_BLOCK_CAPTURE_AUTORELEASING = YES;
				CLANG_WARN_BOOL_CONVERSION = YES;
				CLANG_WARN_COMMA = YES;
				CLANG_WARN_CONSTANT_CONVERSION = YES;
				CLANG_WARN_DEPRECATED_OBJC_IMPLEMENTATIONS = YES;
				CLANG_WARN_DIRECT_OBJC_ISA_USAGE = YES_ERROR;
				CLANG_WARN_DOCUMENTATION_COMMENTS = YES;
				CLANG_WARN_EMPTY_BODY = YES;
				CLANG_WARN_ENUM_CONVERSION = YES;
				CLANG_WARN_INFINITE_RECURSION = YES;
				CLANG_WARN_INT_CONVERSION = YES;
				CLANG_WARN_NON_LITERAL_NULL_CONVERSION = YES;
				CLANG_WARN_OBJC_IMPLICIT_RETAIN_SELF = YES;
				CLANG_WARN_OBJC_LITERAL_CONVERSION = YES;
				CLANG_WARN_OBJC_ROOT_CLASS = YES_ERROR;
				CLANG_WARN_RANGE_LOOP_ANALYSIS = YES;
				CLANG_WARN_STRICT_PROTOTYPES = YES;
				CLANG_WARN_SUSPICIOUS_MOVE = YES;
				CLANG_WARN_UNGUARDED_AVAILABILITY = YES_AGGRESSIVE;
				CLANG_WARN_UNREACHABLE_CODE = YES;
				CLANG_WARN__DUPLICATE_METHOD_MATCH = YES;
				CODE_SIGN_IDENTITY = "iPhone Developer";
				COPY_PHASE_STRIP = NO;
				DEBUG_INFORMATION_FORMAT = dwarf;
				ENABLE_STRICT_OBJC_MSGSEND = YES;
				ENABLE_TESTABILITY = YES;
				GCC_C_LANGUAGE_STANDARD = gnu11;
				GCC_DYNAMIC_NO_PIC = NO;
				GCC_NO_COMMON_BLOCKS = YES;
				GCC_OPTIMIZATION_LEVEL = 0;
				GCC_PREPROCESSOR_DEFINITIONS = (
					"DEBUG=1",
					"$(inherited)",
				);
				GCC_WARN_64_TO_32_BIT_CONVERSION = YES;
				GCC_WARN_ABOUT_RETURN_TYPE = YES_ERROR;
				GCC_WARN_UNDECLARED_SELECTOR = YES;
				GCC_WARN_UNINITIALIZED_AUTOS = YES_AGGRESSIVE;
				GCC_WARN_UNUSED_FUNCTION = YES;
				GCC_WARN_UNUSED_VARIABLE = YES;
				IPHONEOS_DEPLOYMENT_TARGET = 11.4;
				MTL_ENABLE_DEBUG_INFO = YES;
				ONLY_ACTIVE_ARCH = YES;
				SDKROOT = iphoneos;
				SWIFT_ACTIVE_COMPILATION_CONDITIONS = DEBUG;
				SWIFT_OPTIMIZATION_LEVEL = "-Onone";
			};
			name = Debug;
		};
		2E5AB782214D80CB00B87F27 /* Release */ = {
			isa = XCBuildConfiguration;
			buildSettings = {
				ALWAYS_SEARCH_USER_PATHS = NO;
				CLANG_ANALYZER_NONNULL = YES;
				CLANG_ANALYZER_NUMBER_OBJECT_CONVERSION = YES_AGGRESSIVE;
				CLANG_CXX_LANGUAGE_STANDARD = "gnu++14";
				CLANG_CXX_LIBRARY = "libc++";
				CLANG_ENABLE_MODULES = YES;
				CLANG_ENABLE_OBJC_ARC = YES;
				CLANG_ENABLE_OBJC_WEAK = YES;
				CLANG_WARN_BLOCK_CAPTURE_AUTORELEASING = YES;
				CLANG_WARN_BOOL_CONVERSION = YES;
				CLANG_WARN_COMMA = YES;
				CLANG_WARN_CONSTANT_CONVERSION = YES;
				CLANG_WARN_DEPRECATED_OBJC_IMPLEMENTATIONS = YES;
				CLANG_WARN_DIRECT_OBJC_ISA_USAGE = YES_ERROR;
				CLANG_WARN_DOCUMENTATION_COMMENTS = YES;
				CLANG_WARN_EMPTY_BODY = YES;
				CLANG_WARN_ENUM_CONVERSION = YES;
				CLANG_WARN_INFINITE_RECURSION = YES;
				CLANG_WARN_INT_CONVERSION = YES;
				CLANG_WARN_NON_LITERAL_NULL_CONVERSION = YES;
				CLANG_WARN_OBJC_IMPLICIT_RETAIN_SELF = YES;
				CLANG_WARN_OBJC_LITERAL_CONVERSION = YES;
				CLANG_WARN_OBJC_ROOT_CLASS = YES_ERROR;
				CLANG_WARN_RANGE_LOOP_ANALYSIS = YES;
				CLANG_WARN_STRICT_PROTOTYPES = YES;
				CLANG_WARN_SUSPICIOUS_MOVE = YES;
				CLANG_WARN_UNGUARDED_AVAILABILITY = YES_AGGRESSIVE;
				CLANG_WARN_UNREACHABLE_CODE = YES;
				CLANG_WARN__DUPLICATE_METHOD_MATCH = YES;
				CODE_SIGN_IDENTITY = "iPhone Developer";
				COPY_PHASE_STRIP = NO;
				DEBUG_INFORMATION_FORMAT = "dwarf-with-dsym";
				ENABLE_NS_ASSERTIONS = NO;
				ENABLE_STRICT_OBJC_MSGSEND = YES;
				GCC_C_LANGUAGE_STANDARD = gnu11;
				GCC_NO_COMMON_BLOCKS = YES;
				GCC_WARN_64_TO_32_BIT_CONVERSION = YES;
				GCC_WARN_ABOUT_RETURN_TYPE = YES_ERROR;
				GCC_WARN_UNDECLARED_SELECTOR = YES;
				GCC_WARN_UNINITIALIZED_AUTOS = YES_AGGRESSIVE;
				GCC_WARN_UNUSED_FUNCTION = YES;
				GCC_WARN_UNUSED_VARIABLE = YES;
				IPHONEOS_DEPLOYMENT_TARGET = 11.4;
				MTL_ENABLE_DEBUG_INFO = NO;
				SDKROOT = iphoneos;
				SWIFT_COMPILATION_MODE = wholemodule;
				SWIFT_OPTIMIZATION_LEVEL = "-O";
				VALIDATE_PRODUCT = YES;
			};
			name = Release;
		};
		2E5AB784214D80CB00B87F27 /* Debug */ = {
			isa = XCBuildConfiguration;
			buildSettings = {
				ASSETCATALOG_COMPILER_APPICON_NAME = AppIcon;
				CODE_SIGN_STYLE = Automatic;
				DEVELOPMENT_TEAM = 8UR4VB5B89;
				INFOPLIST_FILE = Emokey/Info.plist;
				LD_RUNPATH_SEARCH_PATHS = (
					"$(inherited)",
					"@executable_path/Frameworks",
				);
				PRODUCT_BUNDLE_IDENTIFIER = com.shellhacks.Emokey;
				PRODUCT_NAME = "$(TARGET_NAME)";
				SWIFT_VERSION = 4.0;
				TARGETED_DEVICE_FAMILY = "1,2";
			};
			name = Debug;
		};
		2E5AB785214D80CB00B87F27 /* Release */ = {
			isa = XCBuildConfiguration;
			buildSettings = {
				ASSETCATALOG_COMPILER_APPICON_NAME = AppIcon;
				CODE_SIGN_STYLE = Automatic;
				DEVELOPMENT_TEAM = 8UR4VB5B89;
				INFOPLIST_FILE = Emokey/Info.plist;
				LD_RUNPATH_SEARCH_PATHS = (
					"$(inherited)",
					"@executable_path/Frameworks",
				);
				PRODUCT_BUNDLE_IDENTIFIER = com.shellhacks.Emokey;
				PRODUCT_NAME = "$(TARGET_NAME)";
				SWIFT_VERSION = 4.0;
				TARGETED_DEVICE_FAMILY = "1,2";
			};
			name = Release;
		};
/* End XCBuildConfiguration section */

/* Begin XCConfigurationList section */
		2E5AB769214D80C800B87F27 /* Build configuration list for PBXProject "Emokey" */ = {
			isa = XCConfigurationList;
			buildConfigurations = (
				2E5AB781214D80CB00B87F27 /* Debug */,
				2E5AB782214D80CB00B87F27 /* Release */,
			);
			defaultConfigurationIsVisible = 0;
			defaultConfigurationName = Release;
		};
		2E5AB783214D80CB00B87F27 /* Build configuration list for PBXNativeTarget "Emokey" */ = {
			isa = XCConfigurationList;
			buildConfigurations = (
				2E5AB784214D80CB00B87F27 /* Debug */,
				2E5AB785214D80CB00B87F27 /* Release */,
			);
			defaultConfigurationIsVisible = 0;
			defaultConfigurationName = Release;
		};
/* End XCConfigurationList section */

/* Begin XCVersionGroup section */
		2E5AB778214D80C800B87F27 /* Emokey.xcdatamodeld */ = {
			isa = XCVersionGroup;
			children = (
				2E5AB779214D80C800B87F27 /* Emokey.xcdatamodel */,
			);
			currentVersion = 2E5AB779214D80C800B87F27 /* Emokey.xcdatamodel */;
			path = Emokey.xcdatamodeld;
			sourceTree = "<group>";
			versionGroupType = wrapper.xcdatamodel;
		};
/* End XCVersionGroup section */
	};
	rootObject = 2E5AB766214D80C800B87F27 /* Project object */;
}
